// !$*UTF8*$!
{
	archiveVersion = 1;
	classes = {
	};
	objectVersion = 56;
	objects = {

/* Begin PBXBuildFile section */
		C3F6D1B82AA6E90A00B626F3 /* NewDemoPod.docc in Sources */ = {isa = PBXBuildFile; fileRef = C3F6D1B72AA6E90A00B626F3 /* NewDemoPod.docc */; };
		C3F6D1BE2AA6E90B00B626F3 /* NewDemoPod.framework in Frameworks */ = {isa = PBXBuildFile; fileRef = C3F6D1B32AA6E90A00B626F3 /* NewDemoPod.framework */; };
		C3F6D1C32AA6E90B00B626F3 /* NewDemoPodTests.swift in Sources */ = {isa = PBXBuildFile; fileRef = C3F6D1C22AA6E90B00B626F3 /* NewDemoPodTests.swift */; };
		C3F6D1C42AA6E90B00B626F3 /* NewDemoPod.h in Headers */ = {isa = PBXBuildFile; fileRef = C3F6D1B62AA6E90A00B626F3 /* NewDemoPod.h */; settings = {ATTRIBUTES = (Public, ); }; };
		C3F6D1D42AA6E99900B626F3 /* AppDelegate.swift in Sources */ = {isa = PBXBuildFile; fileRef = C3F6D1D32AA6E99900B626F3 /* AppDelegate.swift */; };
		C3F6D1D62AA6E99900B626F3 /* SceneDelegate.swift in Sources */ = {isa = PBXBuildFile; fileRef = C3F6D1D52AA6E99900B626F3 /* SceneDelegate.swift */; };
		C3F6D1D82AA6E99900B626F3 /* ViewController.swift in Sources */ = {isa = PBXBuildFile; fileRef = C3F6D1D72AA6E99900B626F3 /* ViewController.swift */; };
		C3F6D1DB2AA6E99900B626F3 /* Main.storyboard in Resources */ = {isa = PBXBuildFile; fileRef = C3F6D1D92AA6E99900B626F3 /* Main.storyboard */; };
		C3F6D1DD2AA6E99B00B626F3 /* Assets.xcassets in Resources */ = {isa = PBXBuildFile; fileRef = C3F6D1DC2AA6E99B00B626F3 /* Assets.xcassets */; };
		C3F6D1E02AA6E99B00B626F3 /* LaunchScreen.storyboard in Resources */ = {isa = PBXBuildFile; fileRef = C3F6D1DE2AA6E99B00B626F3 /* LaunchScreen.storyboard */; };
		C3F6D1EB2AA6E99B00B626F3 /* DemoTests.swift in Sources */ = {isa = PBXBuildFile; fileRef = C3F6D1EA2AA6E99B00B626F3 /* DemoTests.swift */; };
		C3F6D1F52AA6E99B00B626F3 /* DemoUITests.swift in Sources */ = {isa = PBXBuildFile; fileRef = C3F6D1F42AA6E99B00B626F3 /* DemoUITests.swift */; };
		C3F6D1F72AA6E99B00B626F3 /* DemoUITestsLaunchTests.swift in Sources */ = {isa = PBXBuildFile; fileRef = C3F6D1F62AA6E99B00B626F3 /* DemoUITestsLaunchTests.swift */; };
		C3F6D2022AA6E9F800B626F3 /* Demo.swift in Sources */ = {isa = PBXBuildFile; fileRef = C3F6D2012AA6E9F800B626F3 /* Demo.swift */; };
/* End PBXBuildFile section */

/* Begin PBXContainerItemProxy section */
		C3F6D1BF2AA6E90B00B626F3 /* PBXContainerItemProxy */ = {
			isa = PBXContainerItemProxy;
			containerPortal = C3F6D1AA2AA6E90A00B626F3 /* Project object */;
			proxyType = 1;
			remoteGlobalIDString = C3F6D1B22AA6E90A00B626F3;
			remoteInfo = NewDemoPod;
		};
		C3F6D1E72AA6E99B00B626F3 /* PBXContainerItemProxy */ = {
			isa = PBXContainerItemProxy;
			containerPortal = C3F6D1AA2AA6E90A00B626F3 /* Project object */;
			proxyType = 1;
			remoteGlobalIDString = C3F6D1D02AA6E99900B626F3;
			remoteInfo = Demo;
		};
		C3F6D1F12AA6E99B00B626F3 /* PBXContainerItemProxy */ = {
			isa = PBXContainerItemProxy;
			containerPortal = C3F6D1AA2AA6E90A00B626F3 /* Project object */;
			proxyType = 1;
			remoteGlobalIDString = C3F6D1D02AA6E99900B626F3;
			remoteInfo = Demo;
		};
/* End PBXContainerItemProxy section */

/* Begin PBXFileReference section */
		C3F6D1B32AA6E90A00B626F3 /* NewDemoPod.framework */ = {isa = PBXFileReference; explicitFileType = wrapper.framework; includeInIndex = 0; path = NewDemoPod.framework; sourceTree = BUILT_PRODUCTS_DIR; };
		C3F6D1B62AA6E90A00B626F3 /* NewDemoPod.h */ = {isa = PBXFileReference; lastKnownFileType = sourcecode.c.h; path = NewDemoPod.h; sourceTree = "<group>"; };
		C3F6D1B72AA6E90A00B626F3 /* NewDemoPod.docc */ = {isa = PBXFileReference; lastKnownFileType = folder.documentationcatalog; path = NewDemoPod.docc; sourceTree = "<group>"; };
		C3F6D1BD2AA6E90B00B626F3 /* NewDemoPodTests.xctest */ = {isa = PBXFileReference; explicitFileType = wrapper.cfbundle; includeInIndex = 0; path = NewDemoPodTests.xctest; sourceTree = BUILT_PRODUCTS_DIR; };
		C3F6D1C22AA6E90B00B626F3 /* NewDemoPodTests.swift */ = {isa = PBXFileReference; lastKnownFileType = sourcecode.swift; path = NewDemoPodTests.swift; sourceTree = "<group>"; };
		C3F6D1D12AA6E99900B626F3 /* Demo.app */ = {isa = PBXFileReference; explicitFileType = wrapper.application; includeInIndex = 0; path = Demo.app; sourceTree = BUILT_PRODUCTS_DIR; };
		C3F6D1D32AA6E99900B626F3 /* AppDelegate.swift */ = {isa = PBXFileReference; lastKnownFileType = sourcecode.swift; path = AppDelegate.swift; sourceTree = "<group>"; };
		C3F6D1D52AA6E99900B626F3 /* SceneDelegate.swift */ = {isa = PBXFileReference; lastKnownFileType = sourcecode.swift; path = SceneDelegate.swift; sourceTree = "<group>"; };
		C3F6D1D72AA6E99900B626F3 /* ViewController.swift */ = {isa = PBXFileReference; lastKnownFileType = sourcecode.swift; path = ViewController.swift; sourceTree = "<group>"; };
		C3F6D1DA2AA6E99900B626F3 /* Base */ = {isa = PBXFileReference; lastKnownFileType = file.storyboard; name = Base; path = Base.lproj/Main.storyboard; sourceTree = "<group>"; };
		C3F6D1DC2AA6E99B00B626F3 /* Assets.xcassets */ = {isa = PBXFileReference; lastKnownFileType = folder.assetcatalog; path = Assets.xcassets; sourceTree = "<group>"; };
		C3F6D1DF2AA6E99B00B626F3 /* Base */ = {isa = PBXFileReference; lastKnownFileType = file.storyboard; name = Base; path = Base.lproj/LaunchScreen.storyboard; sourceTree = "<group>"; };
		C3F6D1E12AA6E99B00B626F3 /* Info.plist */ = {isa = PBXFileReference; lastKnownFileType = text.plist.xml; path = Info.plist; sourceTree = "<group>"; };
		C3F6D1E62AA6E99B00B626F3 /* DemoTests.xctest */ = {isa = PBXFileReference; explicitFileType = wrapper.cfbundle; includeInIndex = 0; path = DemoTests.xctest; sourceTree = BUILT_PRODUCTS_DIR; };
		C3F6D1EA2AA6E99B00B626F3 /* DemoTests.swift */ = {isa = PBXFileReference; lastKnownFileType = sourcecode.swift; path = DemoTests.swift; sourceTree = "<group>"; };
		C3F6D1F02AA6E99B00B626F3 /* DemoUITests.xctest */ = {isa = PBXFileReference; explicitFileType = wrapper.cfbundle; includeInIndex = 0; path = DemoUITests.xctest; sourceTree = BUILT_PRODUCTS_DIR; };
		C3F6D1F42AA6E99B00B626F3 /* DemoUITests.swift */ = {isa = PBXFileReference; lastKnownFileType = sourcecode.swift; path = DemoUITests.swift; sourceTree = "<group>"; };
		C3F6D1F62AA6E99B00B626F3 /* DemoUITestsLaunchTests.swift */ = {isa = PBXFileReference; lastKnownFileType = sourcecode.swift; path = DemoUITestsLaunchTests.swift; sourceTree = "<group>"; };
		C3F6D2012AA6E9F800B626F3 /* Demo.swift */ = {isa = PBXFileReference; lastKnownFileType = sourcecode.swift; path = Demo.swift; sourceTree = "<group>"; };
/* End PBXFileReference section */

/* Begin PBXFrameworksBuildPhase section */
		C3F6D1B02AA6E90A00B626F3 /* Frameworks */ = {
			isa = PBXFrameworksBuildPhase;
			buildActionMask = 2147483647;
			files = (
			);
			runOnlyForDeploymentPostprocessing = 0;
		};
		C3F6D1BA2AA6E90B00B626F3 /* Frameworks */ = {
			isa = PBXFrameworksBuildPhase;
			buildActionMask = 2147483647;
			files = (
				C3F6D1BE2AA6E90B00B626F3 /* NewDemoPod.framework in Frameworks */,
			);
			runOnlyForDeploymentPostprocessing = 0;
		};
		C3F6D1CE2AA6E99900B626F3 /* Frameworks */ = {
			isa = PBXFrameworksBuildPhase;
			buildActionMask = 2147483647;
			files = (
			);
			runOnlyForDeploymentPostprocessing = 0;
		};
		C3F6D1E32AA6E99B00B626F3 /* Frameworks */ = {
			isa = PBXFrameworksBuildPhase;
			buildActionMask = 2147483647;
			files = (
			);
			runOnlyForDeploymentPostprocessing = 0;
		};
		C3F6D1ED2AA6E99B00B626F3 /* Frameworks */ = {
			isa = PBXFrameworksBuildPhase;
			buildActionMask = 2147483647;
			files = (
			);
			runOnlyForDeploymentPostprocessing = 0;
		};
/* End PBXFrameworksBuildPhase section */

/* Begin PBXGroup section */
		C3F6D1A92AA6E90A00B626F3 = {
			isa = PBXGroup;
			children = (
				C3F6D1B52AA6E90A00B626F3 /* NewDemoPod */,
				C3F6D1C12AA6E90B00B626F3 /* NewDemoPodTests */,
				C3F6D1D22AA6E99900B626F3 /* Demo */,
				C3F6D1E92AA6E99B00B626F3 /* DemoTests */,
				C3F6D1F32AA6E99B00B626F3 /* DemoUITests */,
				C3F6D1B42AA6E90A00B626F3 /* Products */,
			);
			sourceTree = "<group>";
		};
		C3F6D1B42AA6E90A00B626F3 /* Products */ = {
			isa = PBXGroup;
			children = (
				C3F6D1B32AA6E90A00B626F3 /* NewDemoPod.framework */,
				C3F6D1BD2AA6E90B00B626F3 /* NewDemoPodTests.xctest */,
				C3F6D1D12AA6E99900B626F3 /* Demo.app */,
				C3F6D1E62AA6E99B00B626F3 /* DemoTests.xctest */,
				C3F6D1F02AA6E99B00B626F3 /* DemoUITests.xctest */,
			);
			name = Products;
			sourceTree = "<group>";
		};
		C3F6D1B52AA6E90A00B626F3 /* NewDemoPod */ = {
			isa = PBXGroup;
			children = (
				C3F6D1B62AA6E90A00B626F3 /* NewDemoPod.h */,
				C3F6D1B72AA6E90A00B626F3 /* NewDemoPod.docc */,
				C3F6D2012AA6E9F800B626F3 /* Demo.swift */,
			);
			path = NewDemoPod;
			sourceTree = "<group>";
		};
		C3F6D1C12AA6E90B00B626F3 /* NewDemoPodTests */ = {
			isa = PBXGroup;
			children = (
				C3F6D1C22AA6E90B00B626F3 /* NewDemoPodTests.swift */,
			);
			path = NewDemoPodTests;
			sourceTree = "<group>";
		};
		C3F6D1D22AA6E99900B626F3 /* Demo */ = {
			isa = PBXGroup;
			children = (
				C3F6D1D32AA6E99900B626F3 /* AppDelegate.swift */,
				C3F6D1D52AA6E99900B626F3 /* SceneDelegate.swift */,
				C3F6D1D72AA6E99900B626F3 /* ViewController.swift */,
				C3F6D1D92AA6E99900B626F3 /* Main.storyboard */,
				C3F6D1DC2AA6E99B00B626F3 /* Assets.xcassets */,
				C3F6D1DE2AA6E99B00B626F3 /* LaunchScreen.storyboard */,
				C3F6D1E12AA6E99B00B626F3 /* Info.plist */,
			);
			path = Demo;
			sourceTree = "<group>";
		};
		C3F6D1E92AA6E99B00B626F3 /* DemoTests */ = {
			isa = PBXGroup;
			children = (
				C3F6D1EA2AA6E99B00B626F3 /* DemoTests.swift */,
			);
			path = DemoTests;
			sourceTree = "<group>";
		};
		C3F6D1F32AA6E99B00B626F3 /* DemoUITests */ = {
			isa = PBXGroup;
			children = (
				C3F6D1F42AA6E99B00B626F3 /* DemoUITests.swift */,
				C3F6D1F62AA6E99B00B626F3 /* DemoUITestsLaunchTests.swift */,
			);
			path = DemoUITests;
			sourceTree = "<group>";
		};
/* End PBXGroup section */

/* Begin PBXHeadersBuildPhase section */
		C3F6D1AE2AA6E90A00B626F3 /* Headers */ = {
			isa = PBXHeadersBuildPhase;
			buildActionMask = 2147483647;
			files = (
				C3F6D1C42AA6E90B00B626F3 /* NewDemoPod.h in Headers */,
			);
			runOnlyForDeploymentPostprocessing = 0;
		};
/* End PBXHeadersBuildPhase section */

/* Begin PBXNativeTarget section */
		C3F6D1B22AA6E90A00B626F3 /* NewDemoPod */ = {
			isa = PBXNativeTarget;
			buildConfigurationList = C3F6D1C72AA6E90B00B626F3 /* Build configuration list for PBXNativeTarget "NewDemoPod" */;
			buildPhases = (
				C3F6D1AE2AA6E90A00B626F3 /* Headers */,
				C3F6D1AF2AA6E90A00B626F3 /* Sources */,
				C3F6D1B02AA6E90A00B626F3 /* Frameworks */,
				C3F6D1B12AA6E90A00B626F3 /* Resources */,
			);
			buildRules = (
			);
			dependencies = (
			);
			name = NewDemoPod;
			productName = NewDemoPod;
			productReference = C3F6D1B32AA6E90A00B626F3 /* NewDemoPod.framework */;
			productType = "com.apple.product-type.framework";
		};
		C3F6D1BC2AA6E90B00B626F3 /* NewDemoPodTests */ = {
			isa = PBXNativeTarget;
			buildConfigurationList = C3F6D1CA2AA6E90B00B626F3 /* Build configuration list for PBXNativeTarget "NewDemoPodTests" */;
			buildPhases = (
				C3F6D1B92AA6E90B00B626F3 /* Sources */,
				C3F6D1BA2AA6E90B00B626F3 /* Frameworks */,
				C3F6D1BB2AA6E90B00B626F3 /* Resources */,
			);
			buildRules = (
			);
			dependencies = (
				C3F6D1C02AA6E90B00B626F3 /* PBXTargetDependency */,
			);
			name = NewDemoPodTests;
			productName = NewDemoPodTests;
			productReference = C3F6D1BD2AA6E90B00B626F3 /* NewDemoPodTests.xctest */;
			productType = "com.apple.product-type.bundle.unit-test";
		};
		C3F6D1D02AA6E99900B626F3 /* Demo */ = {
			isa = PBXNativeTarget;
			buildConfigurationList = C3F6D1F82AA6E99B00B626F3 /* Build configuration list for PBXNativeTarget "Demo" */;
			buildPhases = (
				C3F6D1CD2AA6E99900B626F3 /* Sources */,
				C3F6D1CE2AA6E99900B626F3 /* Frameworks */,
				C3F6D1CF2AA6E99900B626F3 /* Resources */,
			);
			buildRules = (
			);
			dependencies = (
			);
			name = Demo;
			productName = Demo;
			productReference = C3F6D1D12AA6E99900B626F3 /* Demo.app */;
			productType = "com.apple.product-type.application";
		};
		C3F6D1E52AA6E99B00B626F3 /* DemoTests */ = {
			isa = PBXNativeTarget;
			buildConfigurationList = C3F6D1FB2AA6E99B00B626F3 /* Build configuration list for PBXNativeTarget "DemoTests" */;
			buildPhases = (
				C3F6D1E22AA6E99B00B626F3 /* Sources */,
				C3F6D1E32AA6E99B00B626F3 /* Frameworks */,
				C3F6D1E42AA6E99B00B626F3 /* Resources */,
			);
			buildRules = (
			);
			dependencies = (
				C3F6D1E82AA6E99B00B626F3 /* PBXTargetDependency */,
			);
			name = DemoTests;
			productName = DemoTests;
			productReference = C3F6D1E62AA6E99B00B626F3 /* DemoTests.xctest */;
			productType = "com.apple.product-type.bundle.unit-test";
		};
		C3F6D1EF2AA6E99B00B626F3 /* DemoUITests */ = {
			isa = PBXNativeTarget;
			buildConfigurationList = C3F6D1FE2AA6E99B00B626F3 /* Build configuration list for PBXNativeTarget "DemoUITests" */;
			buildPhases = (
				C3F6D1EC2AA6E99B00B626F3 /* Sources */,
				C3F6D1ED2AA6E99B00B626F3 /* Frameworks */,
				C3F6D1EE2AA6E99B00B626F3 /* Resources */,
			);
			buildRules = (
			);
			dependencies = (
				C3F6D1F22AA6E99B00B626F3 /* PBXTargetDependency */,
			);
			name = DemoUITests;
			productName = DemoUITests;
			productReference = C3F6D1F02AA6E99B00B626F3 /* DemoUITests.xctest */;
			productType = "com.apple.product-type.bundle.ui-testing";
		};
/* End PBXNativeTarget section */

/* Begin PBXProject section */
		C3F6D1AA2AA6E90A00B626F3 /* Project object */ = {
			isa = PBXProject;
			attributes = {
				BuildIndependentTargetsInParallel = 1;
				LastSwiftUpdateCheck = 1420;
				LastUpgradeCheck = 1420;
				TargetAttributes = {
					C3F6D1B22AA6E90A00B626F3 = {
						CreatedOnToolsVersion = 14.2;
					};
					C3F6D1BC2AA6E90B00B626F3 = {
						CreatedOnToolsVersion = 14.2;
					};
					C3F6D1D02AA6E99900B626F3 = {
						CreatedOnToolsVersion = 14.2;
					};
					C3F6D1E52AA6E99B00B626F3 = {
						CreatedOnToolsVersion = 14.2;
						TestTargetID = C3F6D1D02AA6E99900B626F3;
					};
					C3F6D1EF2AA6E99B00B626F3 = {
						CreatedOnToolsVersion = 14.2;
						TestTargetID = C3F6D1D02AA6E99900B626F3;
					};
				};
			};
			buildConfigurationList = C3F6D1AD2AA6E90A00B626F3 /* Build configuration list for PBXProject "NewDemoPod" */;
			compatibilityVersion = "Xcode 14.0";
			developmentRegion = en;
			hasScannedForEncodings = 0;
			knownRegions = (
				en,
				Base,
			);
			mainGroup = C3F6D1A92AA6E90A00B626F3;
			productRefGroup = C3F6D1B42AA6E90A00B626F3 /* Products */;
			projectDirPath = "";
			projectRoot = "";
			targets = (
				C3F6D1B22AA6E90A00B626F3 /* NewDemoPod */,
				C3F6D1BC2AA6E90B00B626F3 /* NewDemoPodTests */,
				C3F6D1D02AA6E99900B626F3 /* Demo */,
				C3F6D1E52AA6E99B00B626F3 /* DemoTests */,
				C3F6D1EF2AA6E99B00B626F3 /* DemoUITests */,
			);
		};
/* End PBXProject section */

/* Begin PBXResourcesBuildPhase section */
		C3F6D1B12AA6E90A00B626F3 /* Resources */ = {
			isa = PBXResourcesBuildPhase;
			buildActionMask = 2147483647;
			files = (
			);
			runOnlyForDeploymentPostprocessing = 0;
		};
		C3F6D1BB2AA6E90B00B626F3 /* Resources */ = {
			isa = PBXResourcesBuildPhase;
			buildActionMask = 2147483647;
			files = (
			);
			runOnlyForDeploymentPostprocessing = 0;
		};
		C3F6D1CF2AA6E99900B626F3 /* Resources */ = {
			isa = PBXResourcesBuildPhase;
			buildActionMask = 2147483647;
			files = (
				C3F6D1E02AA6E99B00B626F3 /* LaunchScreen.storyboard in Resources */,
				C3F6D1DD2AA6E99B00B626F3 /* Assets.xcassets in Resources */,
				C3F6D1DB2AA6E99900B626F3 /* Main.storyboard in Resources */,
			);
			runOnlyForDeploymentPostprocessing = 0;
		};
		C3F6D1E42AA6E99B00B626F3 /* Resources */ = {
			isa = PBXResourcesBuildPhase;
			buildActionMask = 2147483647;
			files = (
			);
			runOnlyForDeploymentPostprocessing = 0;
		};
		C3F6D1EE2AA6E99B00B626F3 /* Resources */ = {
			isa = PBXResourcesBuildPhase;
			buildActionMask = 2147483647;
			files = (
			);
			runOnlyForDeploymentPostprocessing = 0;
		};
/* End PBXResourcesBuildPhase section */

/* Begin PBXSourcesBuildPhase section */
		C3F6D1AF2AA6E90A00B626F3 /* Sources */ = {
			isa = PBXSourcesBuildPhase;
			buildActionMask = 2147483647;
			files = (
				C3F6D2022AA6E9F800B626F3 /* Demo.swift in Sources */,
				C3F6D1B82AA6E90A00B626F3 /* NewDemoPod.docc in Sources */,
			);
			runOnlyForDeploymentPostprocessing = 0;
		};
		C3F6D1B92AA6E90B00B626F3 /* Sources */ = {
			isa = PBXSourcesBuildPhase;
			buildActionMask = 2147483647;
			files = (
				C3F6D1C32AA6E90B00B626F3 /* NewDemoPodTests.swift in Sources */,
			);
			runOnlyForDeploymentPostprocessing = 0;
		};
		C3F6D1CD2AA6E99900B626F3 /* Sources */ = {
			isa = PBXSourcesBuildPhase;
			buildActionMask = 2147483647;
			files = (
				C3F6D1D82AA6E99900B626F3 /* ViewController.swift in Sources */,
				C3F6D1D42AA6E99900B626F3 /* AppDelegate.swift in Sources */,
				C3F6D1D62AA6E99900B626F3 /* SceneDelegate.swift in Sources */,
			);
			runOnlyForDeploymentPostprocessing = 0;
		};
		C3F6D1E22AA6E99B00B626F3 /* Sources */ = {
			isa = PBXSourcesBuildPhase;
			buildActionMask = 2147483647;
			files = (
				C3F6D1EB2AA6E99B00B626F3 /* DemoTests.swift in Sources */,
			);
			runOnlyForDeploymentPostprocessing = 0;
		};
		C3F6D1EC2AA6E99B00B626F3 /* Sources */ = {
			isa = PBXSourcesBuildPhase;
			buildActionMask = 2147483647;
			files = (
				C3F6D1F52AA6E99B00B626F3 /* DemoUITests.swift in Sources */,
				C3F6D1F72AA6E99B00B626F3 /* DemoUITestsLaunchTests.swift in Sources */,
			);
			runOnlyForDeploymentPostprocessing = 0;
		};
/* End PBXSourcesBuildPhase section */

/* Begin PBXTargetDependency section */
		C3F6D1C02AA6E90B00B626F3 /* PBXTargetDependency */ = {
			isa = PBXTargetDependency;
			target = C3F6D1B22AA6E90A00B626F3 /* NewDemoPod */;
			targetProxy = C3F6D1BF2AA6E90B00B626F3 /* PBXContainerItemProxy */;
		};
		C3F6D1E82AA6E99B00B626F3 /* PBXTargetDependency */ = {
			isa = PBXTargetDependency;
			target = C3F6D1D02AA6E99900B626F3 /* Demo */;
			targetProxy = C3F6D1E72AA6E99B00B626F3 /* PBXContainerItemProxy */;
		};
		C3F6D1F22AA6E99B00B626F3 /* PBXTargetDependency */ = {
			isa = PBXTargetDependency;
			target = C3F6D1D02AA6E99900B626F3 /* Demo */;
			targetProxy = C3F6D1F12AA6E99B00B626F3 /* PBXContainerItemProxy */;
		};
/* End PBXTargetDependency section */

/* Begin PBXVariantGroup section */
		C3F6D1D92AA6E99900B626F3 /* Main.storyboard */ = {
			isa = PBXVariantGroup;
			children = (
				C3F6D1DA2AA6E99900B626F3 /* Base */,
			);
			name = Main.storyboard;
			sourceTree = "<group>";
		};
		C3F6D1DE2AA6E99B00B626F3 /* LaunchScreen.storyboard */ = {
			isa = PBXVariantGroup;
			children = (
				C3F6D1DF2AA6E99B00B626F3 /* Base */,
			);
			name = LaunchScreen.storyboard;
			sourceTree = "<group>";
		};
/* End PBXVariantGroup section */

/* Begin XCBuildConfiguration section */
		C3F6D1C52AA6E90B00B626F3 /* Debug */ = {
			isa = XCBuildConfiguration;
			buildSettings = {
				ALWAYS_SEARCH_USER_PATHS = NO;
				CLANG_ANALYZER_NONNULL = YES;
				CLANG_ANALYZER_NUMBER_OBJECT_CONVERSION = YES_AGGRESSIVE;
				CLANG_CXX_LANGUAGE_STANDARD = "gnu++20";
				CLANG_ENABLE_MODULES = YES;
				CLANG_ENABLE_OBJC_ARC = YES;
				CLANG_ENABLE_OBJC_WEAK = YES;
				CLANG_WARN_BLOCK_CAPTURE_AUTORELEASING = YES;
				CLANG_WARN_BOOL_CONVERSION = YES;
				CLANG_WARN_COMMA = YES;
				CLANG_WARN_CONSTANT_CONVERSION = YES;
				CLANG_WARN_DEPRECATED_OBJC_IMPLEMENTATIONS = YES;
				CLANG_WARN_DIRECT_OBJC_ISA_USAGE = YES_ERROR;
				CLANG_WARN_DOCUMENTATION_COMMENTS = YES;
				CLANG_WARN_EMPTY_BODY = YES;
				CLANG_WARN_ENUM_CONVERSION = YES;
				CLANG_WARN_INFINITE_RECURSION = YES;
				CLANG_WARN_INT_CONVERSION = YES;
				CLANG_WARN_NON_LITERAL_NULL_CONVERSION = YES;
				CLANG_WARN_OBJC_IMPLICIT_RETAIN_SELF = YES;
				CLANG_WARN_OBJC_LITERAL_CONVERSION = YES;
				CLANG_WARN_OBJC_ROOT_CLASS = YES_ERROR;
				CLANG_WARN_QUOTED_INCLUDE_IN_FRAMEWORK_HEADER = YES;
				CLANG_WARN_RANGE_LOOP_ANALYSIS = YES;
				CLANG_WARN_STRICT_PROTOTYPES = YES;
				CLANG_WARN_SUSPICIOUS_MOVE = YES;
				CLANG_WARN_UNGUARDED_AVAILABILITY = YES_AGGRESSIVE;
				CLANG_WARN_UNREACHABLE_CODE = YES;
				CLANG_WARN__DUPLICATE_METHOD_MATCH = YES;
				COPY_PHASE_STRIP = NO;
				CURRENT_PROJECT_VERSION = 1;
				DEBUG_INFORMATION_FORMAT = dwarf;
				ENABLE_STRICT_OBJC_MSGSEND = YES;
				ENABLE_TESTABILITY = YES;
				GCC_C_LANGUAGE_STANDARD = gnu11;
				GCC_DYNAMIC_NO_PIC = NO;
				GCC_NO_COMMON_BLOCKS = YES;
				GCC_OPTIMIZATION_LEVEL = 0;
				GCC_PREPROCESSOR_DEFINITIONS = (
					"DEBUG=1",
					"$(inherited)",
				);
				GCC_WARN_64_TO_32_BIT_CONVERSION = YES;
				GCC_WARN_ABOUT_RETURN_TYPE = YES_ERROR;
				GCC_WARN_UNDECLARED_SELECTOR = YES;
				GCC_WARN_UNINITIALIZED_AUTOS = YES_AGGRESSIVE;
				GCC_WARN_UNUSED_FUNCTION = YES;
				GCC_WARN_UNUSED_VARIABLE = YES;
				IPHONEOS_DEPLOYMENT_TARGET = 16.2;
				MTL_ENABLE_DEBUG_INFO = INCLUDE_SOURCE;
				MTL_FAST_MATH = YES;
				ONLY_ACTIVE_ARCH = YES;
				SDKROOT = iphoneos;
				SWIFT_ACTIVE_COMPILATION_CONDITIONS = DEBUG;
				SWIFT_OPTIMIZATION_LEVEL = "-Onone";
				VERSIONING_SYSTEM = "apple-generic";
				VERSION_INFO_PREFIX = "";
			};
			name = Debug;
		};
		C3F6D1C62AA6E90B00B626F3 /* Release */ = {
			isa = XCBuildConfiguration;
			buildSettings = {
				ALWAYS_SEARCH_USER_PATHS = NO;
				CLANG_ANALYZER_NONNULL = YES;
				CLANG_ANALYZER_NUMBER_OBJECT_CONVERSION = YES_AGGRESSIVE;
				CLANG_CXX_LANGUAGE_STANDARD = "gnu++20";
				CLANG_ENABLE_MODULES = YES;
				CLANG_ENABLE_OBJC_ARC = YES;
				CLANG_ENABLE_OBJC_WEAK = YES;
				CLANG_WARN_BLOCK_CAPTURE_AUTORELEASING = YES;
				CLANG_WARN_BOOL_CONVERSION = YES;
				CLANG_WARN_COMMA = YES;
				CLANG_WARN_CONSTANT_CONVERSION = YES;
				CLANG_WARN_DEPRECATED_OBJC_IMPLEMENTATIONS = YES;
				CLANG_WARN_DIRECT_OBJC_ISA_USAGE = YES_ERROR;
				CLANG_WARN_DOCUMENTATION_COMMENTS = YES;
				CLANG_WARN_EMPTY_BODY = YES;
				CLANG_WARN_ENUM_CONVERSION = YES;
				CLANG_WARN_INFINITE_RECURSION = YES;
				CLANG_WARN_INT_CONVERSION = YES;
				CLANG_WARN_NON_LITERAL_NULL_CONVERSION = YES;
				CLANG_WARN_OBJC_IMPLICIT_RETAIN_SELF = YES;
				CLANG_WARN_OBJC_LITERAL_CONVERSION = YES;
				CLANG_WARN_OBJC_ROOT_CLASS = YES_ERROR;
				CLANG_WARN_QUOTED_INCLUDE_IN_FRAMEWORK_HEADER = YES;
				CLANG_WARN_RANGE_LOOP_ANALYSIS = YES;
				CLANG_WARN_STRICT_PROTOTYPES = YES;
				CLANG_WARN_SUSPICIOUS_MOVE = YES;
				CLANG_WARN_UNGUARDED_AVAILABILITY = YES_AGGRESSIVE;
				CLANG_WARN_UNREACHABLE_CODE = YES;
				CLANG_WARN__DUPLICATE_METHOD_MATCH = YES;
				COPY_PHASE_STRIP = NO;
				CURRENT_PROJECT_VERSION = 1;
				DEBUG_INFORMATION_FORMAT = "dwarf-with-dsym";
				ENABLE_NS_ASSERTIONS = NO;
				ENABLE_STRICT_OBJC_MSGSEND = YES;
				GCC_C_LANGUAGE_STANDARD = gnu11;
				GCC_NO_COMMON_BLOCKS = YES;
				GCC_WARN_64_TO_32_BIT_CONVERSION = YES;
				GCC_WARN_ABOUT_RETURN_TYPE = YES_ERROR;
				GCC_WARN_UNDECLARED_SELECTOR = YES;
				GCC_WARN_UNINITIALIZED_AUTOS = YES_AGGRESSIVE;
				GCC_WARN_UNUSED_FUNCTION = YES;
				GCC_WARN_UNUSED_VARIABLE = YES;
				IPHONEOS_DEPLOYMENT_TARGET = 16.2;
				MTL_ENABLE_DEBUG_INFO = NO;
				MTL_FAST_MATH = YES;
				SDKROOT = iphoneos;
				SWIFT_COMPILATION_MODE = wholemodule;
				SWIFT_OPTIMIZATION_LEVEL = "-O";
				VALIDATE_PRODUCT = YES;
				VERSIONING_SYSTEM = "apple-generic";
				VERSION_INFO_PREFIX = "";
			};
			name = Release;
		};
		C3F6D1C82AA6E90B00B626F3 /* Debug */ = {
			isa = XCBuildConfiguration;
			buildSettings = {
				CODE_SIGN_STYLE = Automatic;
				CURRENT_PROJECT_VERSION = 1;
				DEFINES_MODULE = YES;
				DYLIB_COMPATIBILITY_VERSION = 1;
				DYLIB_CURRENT_VERSION = 1;
				DYLIB_INSTALL_NAME_BASE = "@rpath";
				GENERATE_INFOPLIST_FILE = YES;
				INFOPLIST_KEY_NSHumanReadableCopyright = "";
				INSTALL_PATH = "$(LOCAL_LIBRARY_DIR)/Frameworks";
				LD_RUNPATH_SEARCH_PATHS = (
					"$(inherited)",
					"@executable_path/Frameworks",
					"@loader_path/Frameworks",
				);
				MARKETING_VERSION = 1.0;
				PRODUCT_BUNDLE_IDENTIFIER = com.NewDemoPod;
				PRODUCT_NAME = "$(TARGET_NAME:c99extidentifier)";
				SKIP_INSTALL = YES;
				SWIFT_EMIT_LOC_STRINGS = YES;
				SWIFT_VERSION = 5.0;
				TARGETED_DEVICE_FAMILY = "1,2";
			};
			name = Debug;
		};
		C3F6D1C92AA6E90B00B626F3 /* Release */ = {
			isa = XCBuildConfiguration;
			buildSettings = {
				CODE_SIGN_STYLE = Automatic;
				CURRENT_PROJECT_VERSION = 1;
				DEFINES_MODULE = YES;
				DYLIB_COMPATIBILITY_VERSION = 1;
				DYLIB_CURRENT_VERSION = 1;
				DYLIB_INSTALL_NAME_BASE = "@rpath";
				GENERATE_INFOPLIST_FILE = YES;
				INFOPLIST_KEY_NSHumanReadableCopyright = "";
				INSTALL_PATH = "$(LOCAL_LIBRARY_DIR)/Frameworks";
				LD_RUNPATH_SEARCH_PATHS = (
					"$(inherited)",
					"@executable_path/Frameworks",
					"@loader_path/Frameworks",
				);
				MARKETING_VERSION = 1.0;
				PRODUCT_BUNDLE_IDENTIFIER = com.NewDemoPod;
				PRODUCT_NAME = "$(TARGET_NAME:c99extidentifier)";
				SKIP_INSTALL = YES;
				SWIFT_EMIT_LOC_STRINGS = YES;
				SWIFT_VERSION = 5.0;
				TARGETED_DEVICE_FAMILY = "1,2";
			};
			name = Release;
		};
		C3F6D1CB2AA6E90B00B626F3 /* Debug */ = {
			isa = XCBuildConfiguration;
			buildSettings = {
				ALWAYS_EMBED_SWIFT_STANDARD_LIBRARIES = YES;
				CODE_SIGN_STYLE = Automatic;
				CURRENT_PROJECT_VERSION = 1;
				GENERATE_INFOPLIST_FILE = YES;
				MARKETING_VERSION = 1.0;
				PRODUCT_BUNDLE_IDENTIFIER = com.NewDemoPodTests;
				PRODUCT_NAME = "$(TARGET_NAME)";
				SWIFT_EMIT_LOC_STRINGS = NO;
				SWIFT_VERSION = 5.0;
				TARGETED_DEVICE_FAMILY = "1,2";
			};
			name = Debug;
		};
		C3F6D1CC2AA6E90B00B626F3 /* Release */ = {
			isa = XCBuildConfiguration;
			buildSettings = {
				ALWAYS_EMBED_SWIFT_STANDARD_LIBRARIES = YES;
				CODE_SIGN_STYLE = Automatic;
				CURRENT_PROJECT_VERSION = 1;
				GENERATE_INFOPLIST_FILE = YES;
				MARKETING_VERSION = 1.0;
				PRODUCT_BUNDLE_IDENTIFIER = com.NewDemoPodTests;
				PRODUCT_NAME = "$(TARGET_NAME)";
				SWIFT_EMIT_LOC_STRINGS = NO;
				SWIFT_VERSION = 5.0;
				TARGETED_DEVICE_FAMILY = "1,2";
			};
			name = Release;
		};
		C3F6D1F92AA6E99B00B626F3 /* Debug */ = {
			isa = XCBuildConfiguration;
			buildSettings = {
				ASSETCATALOG_COMPILER_APPICON_NAME = AppIcon;
				ASSETCATALOG_COMPILER_GLOBAL_ACCENT_COLOR_NAME = AccentColor;
				CODE_SIGN_STYLE = Automatic;
				CURRENT_PROJECT_VERSION = 1;
				GENERATE_INFOPLIST_FILE = YES;
				INFOPLIST_FILE = Demo/Info.plist;
				INFOPLIST_KEY_UIApplicationSupportsIndirectInputEvents = YES;
				INFOPLIST_KEY_UILaunchStoryboardName = LaunchScreen;
				INFOPLIST_KEY_UIMainStoryboardFile = Main;
				INFOPLIST_KEY_UISupportedInterfaceOrientations_iPad = "UIInterfaceOrientationPortrait UIInterfaceOrientationPortraitUpsideDown UIInterfaceOrientationLandscapeLeft UIInterfaceOrientationLandscapeRight";
				INFOPLIST_KEY_UISupportedInterfaceOrientations_iPhone = "UIInterfaceOrientationPortrait UIInterfaceOrientationLandscapeLeft UIInterfaceOrientationLandscapeRight";
				LD_RUNPATH_SEARCH_PATHS = (
					"$(inherited)",
					"@executable_path/Frameworks",
				);
				MARKETING_VERSION = 1.0;
				PRODUCT_BUNDLE_IDENTIFIER = com.Demo;
				PRODUCT_NAME = "$(TARGET_NAME)";
				SWIFT_EMIT_LOC_STRINGS = YES;
				SWIFT_VERSION = 5.0;
				TARGETED_DEVICE_FAMILY = "1,2";
			};
			name = Debug;
		};
		C3F6D1FA2AA6E99B00B626F3 /* Release */ = {
			isa = XCBuildConfiguration;
			buildSettings = {
				ASSETCATALOG_COMPILER_APPICON_NAME = AppIcon;
				ASSETCATALOG_COMPILER_GLOBAL_ACCENT_COLOR_NAME = AccentColor;
				CODE_SIGN_STYLE = Automatic;
				CURRENT_PROJECT_VERSION = 1;
				GENERATE_INFOPLIST_FILE = YES;
				INFOPLIST_FILE = Demo/Info.plist;
				INFOPLIST_KEY_UIApplicationSupportsIndirectInputEvents = YES;
				INFOPLIST_KEY_UILaunchStoryboardName = LaunchScreen;
				INFOPLIST_KEY_UIMainStoryboardFile = Main;
				INFOPLIST_KEY_UISupportedInterfaceOrientations_iPad = "UIInterfaceOrientationPortrait UIInterfaceOrientationPortraitUpsideDown UIInterfaceOrientationLandscapeLeft UIInterfaceOrientationLandscapeRight";
				INFOPLIST_KEY_UISupportedInterfaceOrientations_iPhone = "UIInterfaceOrientationPortrait UIInterfaceOrientationLandscapeLeft UIInterfaceOrientationLandscapeRight";
				LD_RUNPATH_SEARCH_PATHS = (
					"$(inherited)",
					"@executable_path/Frameworks",
				);
				MARKETING_VERSION = 1.0;
				PRODUCT_BUNDLE_IDENTIFIER = com.Demo;
				PRODUCT_NAME = "$(TARGET_NAME)";
				SWIFT_EMIT_LOC_STRINGS = YES;
				SWIFT_VERSION = 5.0;
				TARGETED_DEVICE_FAMILY = "1,2";
			};
			name = Release;
		};
		C3F6D1FC2AA6E99B00B626F3 /* Debug */ = {
			isa = XCBuildConfiguration;
			buildSettings = {
				ALWAYS_EMBED_SWIFT_STANDARD_LIBRARIES = YES;
				BUNDLE_LOADER = "$(TEST_HOST)";
				CODE_SIGN_STYLE = Automatic;
				CURRENT_PROJECT_VERSION = 1;
				GENERATE_INFOPLIST_FILE = YES;
				IPHONEOS_DEPLOYMENT_TARGET = 16.2;
				MARKETING_VERSION = 1.0;
				PRODUCT_BUNDLE_IDENTIFIER = com.DemoTests;
				PRODUCT_NAME = "$(TARGET_NAME)";
				SWIFT_EMIT_LOC_STRINGS = NO;
				SWIFT_VERSION = 5.0;
				TARGETED_DEVICE_FAMILY = "1,2";
				TEST_HOST = "$(BUILT_PRODUCTS_DIR)/Demo.app/$(BUNDLE_EXECUTABLE_FOLDER_PATH)/Demo";
			};
			name = Debug;
		};
		C3F6D1FD2AA6E99B00B626F3 /* Release */ = {
			isa = XCBuildConfiguration;
			buildSettings = {
				ALWAYS_EMBED_SWIFT_STANDARD_LIBRARIES = YES;
				BUNDLE_LOADER = "$(TEST_HOST)";
				CODE_SIGN_STYLE = Automatic;
				CURRENT_PROJECT_VERSION = 1;
				GENERATE_INFOPLIST_FILE = YES;
				IPHONEOS_DEPLOYMENT_TARGET = 16.2;
				MARKETING_VERSION = 1.0;
				PRODUCT_BUNDLE_IDENTIFIER = com.DemoTests;
				PRODUCT_NAME = "$(TARGET_NAME)";
				SWIFT_EMIT_LOC_STRINGS = NO;
				SWIFT_VERSION = 5.0;
				TARGETED_DEVICE_FAMILY = "1,2";
				TEST_HOST = "$(BUILT_PRODUCTS_DIR)/Demo.app/$(BUNDLE_EXECUTABLE_FOLDER_PATH)/Demo";
			};
			name = Release;
		};
		C3F6D1FF2AA6E99B00B626F3 /* Debug */ = {
			isa = XCBuildConfiguration;
			buildSettings = {
				ALWAYS_EMBED_SWIFT_STANDARD_LIBRARIES = YES;
				CODE_SIGN_STYLE = Automatic;
				CURRENT_PROJECT_VERSION = 1;
				GENERATE_INFOPLIST_FILE = YES;
				MARKETING_VERSION = 1.0;
				PRODUCT_BUNDLE_IDENTIFIER = com.DemoUITests;
				PRODUCT_NAME = "$(TARGET_NAME)";
				SWIFT_EMIT_LOC_STRINGS = NO;
				SWIFT_VERSION = 5.0;
				TARGETED_DEVICE_FAMILY = "1,2";
				TEST_TARGET_NAME = Demo;
			};
			name = Debug;
		};
		C3F6D2002AA6E99B00B626F3 /* Release */ = {
			isa = XCBuildConfiguration;
			buildSettings = {
				ALWAYS_EMBED_SWIFT_STANDARD_LIBRARIES = YES;
				CODE_SIGN_STYLE = Automatic;
				CURRENT_PROJECT_VERSION = 1;
				GENERATE_INFOPLIST_FILE = YES;
				MARKETING_VERSION = 1.0;
				PRODUCT_BUNDLE_IDENTIFIER = com.DemoUITests;
				PRODUCT_NAME = "$(TARGET_NAME)";
				SWIFT_EMIT_LOC_STRINGS = NO;
				SWIFT_VERSION = 5.0;
				TARGETED_DEVICE_FAMILY = "1,2";
				TEST_TARGET_NAME = Demo;
			};
			name = Release;
		};
/* End XCBuildConfiguration section */

/* Begin XCConfigurationList section */
		C3F6D1AD2AA6E90A00B626F3 /* Build configuration list for PBXProject "NewDemoPod" */ = {
			isa = XCConfigurationList;
			buildConfigurations = (
				C3F6D1C52AA6E90B00B626F3 /* Debug */,
				C3F6D1C62AA6E90B00B626F3 /* Release */,
			);
			defaultConfigurationIsVisible = 0;
			defaultConfigurationName = Release;
		};
		C3F6D1C72AA6E90B00B626F3 /* Build configuration list for PBXNativeTarget "NewDemoPod" */ = {
			isa = XCConfigurationList;
			buildConfigurations = (
				C3F6D1C82AA6E90B00B626F3 /* Debug */,
				C3F6D1C92AA6E90B00B626F3 /* Release */,
			);
			defaultConfigurationIsVisible = 0;
			defaultConfigurationName = Release;
		};
		C3F6D1CA2AA6E90B00B626F3 /* Build configuration list for PBXNativeTarget "NewDemoPodTests" */ = {
			isa = XCConfigurationList;
			buildConfigurations = (
				C3F6D1CB2AA6E90B00B626F3 /* Debug */,
				C3F6D1CC2AA6E90B00B626F3 /* Release */,
			);
			defaultConfigurationIsVisible = 0;
			defaultConfigurationName = Release;
		};
		C3F6D1F82AA6E99B00B626F3 /* Build configuration list for PBXNativeTarget "Demo" */ = {
			isa = XCConfigurationList;
			buildConfigurations = (
				C3F6D1F92AA6E99B00B626F3 /* Debug */,
				C3F6D1FA2AA6E99B00B626F3 /* Release */,
			);
			defaultConfigurationIsVisible = 0;
			defaultConfigurationName = Release;
		};
		C3F6D1FB2AA6E99B00B626F3 /* Build configuration list for PBXNativeTarget "DemoTests" */ = {
			isa = XCConfigurationList;
			buildConfigurations = (
				C3F6D1FC2AA6E99B00B626F3 /* Debug */,
				C3F6D1FD2AA6E99B00B626F3 /* Release */,
			);
			defaultConfigurationIsVisible = 0;
			defaultConfigurationName = Release;
		};
		C3F6D1FE2AA6E99B00B626F3 /* Build configuration list for PBXNativeTarget "DemoUITests" */ = {
			isa = XCConfigurationList;
			buildConfigurations = (
				C3F6D1FF2AA6E99B00B626F3 /* Debug */,
				C3F6D2002AA6E99B00B626F3 /* Release */,
			);
			defaultConfigurationIsVisible = 0;
			defaultConfigurationName = Release;
		};
/* End XCConfigurationList section */
	};
	rootObject = C3F6D1AA2AA6E90A00B626F3 /* Project object */;
}
